
Microsoft Visual Studio Solution File, Format Version 11.00
# Visual Studio 2010
Project("{F184B08F-C81C-45F6-A57F-5ABD9991F28F}") = "RansomBulder3.0PasswordDumper", "RansomBulder3.0PasswordDumper\RansomBulder3.0PasswordDumper.vbproj", "{00E3D083-68A4-42D8-B2D4-64813250B4A7}"
EndProject
Global
	GlobalSection(SolutionConfigurationPlatforms) = preSolution
		Debug|x86 = Debug|x86
		Release|x86 = Release|x86
	EndGlobalSection
	GlobalSection(ProjectConfigurationPlatforms) = postSolution
		{00E3D083-68A4-42D8-B2D4-64813250B4A7}.Debug|x86.ActiveCfg = Debug|x86
		{00E3D083-68A4-42D8-B2D4-64813250B4A7}.Debug|x86.Build.0 = Debug|x86
		{00E3D083-68A4-42D8-B2D4-64813250B4A7}.Release|x86.ActiveCfg = Release|x86
		{00E3D083-68A4-42D8-B2D4-64813250B4A7}.Release|x86.Build.0 = Release|x86
	EndGlobalSection
	GlobalSection(SolutionProperties) = preSolution
		HideSolutionNode = FALSE
	EndGlobalSection
EndGlobal
